github.com/Arman92/go-tdlib v0.0.0-20210325183359-3ea9cda96f39 h1:qkmyz9FklTN4UiclW9gI5yFK02TvHvbmnRI4JTTINH8=
github.com/Arman92/go-tdlib v0.0.0-20210325183359-3ea9cda96f39/go.mod h1:ZzkRfuaFj8etIYMj/ECtXtgfz72RE6U+dos27b3XIwk=
github.com/google/uuid v1.1.2 h1:EVhdT+1Kseyi1/pUmXKaFxYsDNy9RQYkMWRH68J/W7Y=
github.com/google/uuid v1.1.2/go.mod h1:TIyPZe4MgqvfeYDBFedMoGGpEw/LqOeaOT+nhxU+yHo=
github.com/mmfKupl/gosse v0.2.1 h1:9rbbnxLw9utYeyImxWUjvhESt7ZHs2dEIIFjOO+rFBc=
github.com/mmfKupl/gosse v0.2.1/go.mod h1:geXvA0CqfuDlVYXHr6rGPh/QDNdb0angbYQt+55ftEo=
github.com/mmfKupl/gosse v0.4.0 h1:taudFTFdP0qJhZGqcmsMjPSZkjWMefOvxjDb2uXHUsM=
github.com/mmfKupl/gosse v0.4.0/go.mod h1:geXvA0CqfuDlVYXHr6rGPh/QDNdb0angbYQt+55ftEo=
github.com/mmfKupl/gosse v0.4.1 h1:V1GXJXEye2p6QIrKqasUeTGS0jDT+xkdu5mIJZSmiD0=
github.com/mmfKupl/gosse v0.4.1/go.mod h1:geXvA0CqfuDlVYXHr6rGPh/QDNdb0angbYQt+55ftEo=
github.com/mmfKupl/gosse v0.4.2 h1:iXo7DaFwfu4MycTBbrIoFQ5+q5cIsLo2aQvdiYZ/Fck=
github.com/mmfKupl/gosse v0.4.2/go.mod h1:geXvA0CqfuDlVYXHr6rGPh/QDNdb0angbYQt+55ftEo=
github.com/mmfKupl/gosse v0.5.0 h1:l6fiIhdwl8qiLOMU8Vkija93E8JiwR8i3Z1ONLKq4mE=
github.com/mmfKupl/gosse v0.5.0/go.mod h1:geXvA0CqfuDlVYXHr6rGPh/QDNdb0angbYQt+55ftEo=
github.com/mmfKupl/gosse v0.6.0 h1:/rQaPcnpX0b5SvB8qjGmWUWByJg2E4BSKbx98rANOJM=
github.com/mmfKupl/gosse v0.6.0/go.mod h1:geXvA0CqfuDlVYXHr6rGPh/QDNdb0angbYQt+55ftEo=
